// !$*UTF8*$!
{
	archiveVersion = 1;
	classes = {
	};
	objectVersion = 46;
	objects = {

/* Begin PBXBuildFile section */
		459A3AD9195B5E3C0050A444 /* Foundation.framework in Frameworks */ = {isa = PBXBuildFile; fileRef = 459A3AD8195B5E3C0050A444 /* Foundation.framework */; };
		459A3ADB195B5E3C0050A444 /* CoreGraphics.framework in Frameworks */ = {isa = PBXBuildFile; fileRef = 459A3ADA195B5E3C0050A444 /* CoreGraphics.framework */; };
		459A3ADD195B5E3C0050A444 /* UIKit.framework in Frameworks */ = {isa = PBXBuildFile; fileRef = 459A3ADC195B5E3C0050A444 /* UIKit.framework */; };
		459A3AE3195B5E3C0050A444 /* InfoPlist.strings in Resources */ = {isa = PBXBuildFile; fileRef = 459A3AE1195B5E3C0050A444 /* InfoPlist.strings */; };
		459A3AE5195B5E3C0050A444 /* main.m in Sources */ = {isa = PBXBuildFile; fileRef = 459A3AE4195B5E3C0050A444 /* main.m */; };
		459A3AE9195B5E3C0050A444 /* ELAppDelegate.m in Sources */ = {isa = PBXBuildFile; fileRef = 459A3AE8195B5E3C0050A444 /* ELAppDelegate.m */; };
		459A3AEB195B5E3C0050A444 /* Images.xcassets in Resources */ = {isa = PBXBuildFile; fileRef = 459A3AEA195B5E3C0050A444 /* Images.xcassets */; };
		459A3AF2195B5E3C0050A444 /* XCTest.framework in Frameworks */ = {isa = PBXBuildFile; fileRef = 459A3AF1195B5E3C0050A444 /* XCTest.framework */; };
		459A3AF3195B5E3C0050A444 /* Foundation.framework in Frameworks */ = {isa = PBXBuildFile; fileRef = 459A3AD8195B5E3C0050A444 /* Foundation.framework */; };
		459A3AF4195B5E3C0050A444 /* UIKit.framework in Frameworks */ = {isa = PBXBuildFile; fileRef = 459A3ADC195B5E3C0050A444 /* UIKit.framework */; };
		459A3AFC195B5E3C0050A444 /* InfoPlist.strings in Resources */ = {isa = PBXBuildFile; fileRef = 459A3AFA195B5E3C0050A444 /* InfoPlist.strings */; };
		459A3AFE195B5E3C0050A444 /* ELArmoryTests.m in Sources */ = {isa = PBXBuildFile; fileRef = 459A3AFD195B5E3C0050A444 /* ELArmoryTests.m */; };
		459A3B0A195B60E70050A444 /* ELHomeViewController.m in Sources */ = {isa = PBXBuildFile; fileRef = 459A3B08195B60E70050A444 /* ELHomeViewController.m */; };
		459A3B0B195B60E70050A444 /* ELHomeViewController.xib in Resources */ = {isa = PBXBuildFile; fileRef = 459A3B09195B60E70050A444 /* ELHomeViewController.xib */; };
		459A3B0F195B6EA20050A444 /* ELHomeListTableViewController.m in Sources */ = {isa = PBXBuildFile; fileRef = 459A3B0D195B6EA20050A444 /* ELHomeListTableViewController.m */; };
		459A3B10195B6EA20050A444 /* ELHomeListTableViewController.xib in Resources */ = {isa = PBXBuildFile; fileRef = 459A3B0E195B6EA20050A444 /* ELHomeListTableViewController.xib */; };
		459A3B14195B72AD0050A444 /* ELHomeListTableViewCell.m in Sources */ = {isa = PBXBuildFile; fileRef = 459A3B12195B72AD0050A444 /* ELHomeListTableViewCell.m */; };
		459A3B15195B72AD0050A444 /* ELHomeListTableViewCell.xib in Resources */ = {isa = PBXBuildFile; fileRef = 459A3B13195B72AD0050A444 /* ELHomeListTableViewCell.xib */; };
/* End PBXBuildFile section */

/* Begin PBXContainerItemProxy section */
		459A3AF5195B5E3C0050A444 /* PBXContainerItemProxy */ = {
			isa = PBXContainerItemProxy;
			containerPortal = 459A3ACD195B5E3C0050A444 /* Project object */;
			proxyType = 1;
			remoteGlobalIDString = 459A3AD4195B5E3C0050A444;
			remoteInfo = ELArmory;
		};
/* End PBXContainerItemProxy section */

/* Begin PBXFileReference section */
		459A3AD5195B5E3C0050A444 /* ELArmory.app */ = {isa = PBXFileReference; explicitFileType = wrapper.application; includeInIndex = 0; path = ELArmory.app; sourceTree = BUILT_PRODUCTS_DIR; };
		459A3AD8195B5E3C0050A444 /* Foundation.framework */ = {isa = PBXFileReference; lastKnownFileType = wrapper.framework; name = Foundation.framework; path = System/Library/Frameworks/Foundation.framework; sourceTree = SDKROOT; };
		459A3ADA195B5E3C0050A444 /* CoreGraphics.framework */ = {isa = PBXFileReference; lastKnownFileType = wrapper.framework; name = CoreGraphics.framework; path = System/Library/Frameworks/CoreGraphics.framework; sourceTree = SDKROOT; };
		459A3ADC195B5E3C0050A444 /* UIKit.framework */ = {isa = PBXFileReference; lastKnownFileType = wrapper.framework; name = UIKit.framework; path = System/Library/Frameworks/UIKit.framework; sourceTree = SDKROOT; };
		459A3AE0195B5E3C0050A444 /* ELArmory-Info.plist */ = {isa = PBXFileReference; lastKnownFileType = text.plist.xml; path = "ELArmory-Info.plist"; sourceTree = "<group>"; };
		459A3AE2195B5E3C0050A444 /* en */ = {isa = PBXFileReference; lastKnownFileType = text.plist.strings; name = en; path = en.lproj/InfoPlist.strings; sourceTree = "<group>"; };
		459A3AE4195B5E3C0050A444 /* main.m */ = {isa = PBXFileReference; lastKnownFileType = sourcecode.c.objc; path = main.m; sourceTree = "<group>"; };
		459A3AE6195B5E3C0050A444 /* ELArmory-Prefix.pch */ = {isa = PBXFileReference; lastKnownFileType = sourcecode.c.h; path = "ELArmory-Prefix.pch"; sourceTree = "<group>"; };
		459A3AE7195B5E3C0050A444 /* ELAppDelegate.h */ = {isa = PBXFileReference; lastKnownFileType = sourcecode.c.h; path = ELAppDelegate.h; sourceTree = "<group>"; };
		459A3AE8195B5E3C0050A444 /* ELAppDelegate.m */ = {isa = PBXFileReference; lastKnownFileType = sourcecode.c.objc; path = ELAppDelegate.m; sourceTree = "<group>"; };
		459A3AEA195B5E3C0050A444 /* Images.xcassets */ = {isa = PBXFileReference; lastKnownFileType = folder.assetcatalog; path = Images.xcassets; sourceTree = "<group>"; };
		459A3AF0195B5E3C0050A444 /* ELArmoryTests.xctest */ = {isa = PBXFileReference; explicitFileType = wrapper.cfbundle; includeInIndex = 0; path = ELArmoryTests.xctest; sourceTree = BUILT_PRODUCTS_DIR; };
		459A3AF1195B5E3C0050A444 /* XCTest.framework */ = {isa = PBXFileReference; lastKnownFileType = wrapper.framework; name = XCTest.framework; path = Library/Frameworks/XCTest.framework; sourceTree = DEVELOPER_DIR; };
		459A3AF9195B5E3C0050A444 /* ELArmoryTests-Info.plist */ = {isa = PBXFileReference; lastKnownFileType = text.plist.xml; path = "ELArmoryTests-Info.plist"; sourceTree = "<group>"; };
		459A3AFB195B5E3C0050A444 /* en */ = {isa = PBXFileReference; lastKnownFileType = text.plist.strings; name = en; path = en.lproj/InfoPlist.strings; sourceTree = "<group>"; };
		459A3AFD195B5E3C0050A444 /* ELArmoryTests.m */ = {isa = PBXFileReference; lastKnownFileType = sourcecode.c.objc; path = ELArmoryTests.m; sourceTree = "<group>"; };
		459A3B07195B60E70050A444 /* ELHomeViewController.h */ = {isa = PBXFileReference; fileEncoding = 4; lastKnownFileType = sourcecode.c.h; path = ELHomeViewController.h; sourceTree = "<group>"; };
		459A3B08195B60E70050A444 /* ELHomeViewController.m */ = {isa = PBXFileReference; fileEncoding = 4; lastKnownFileType = sourcecode.c.objc; path = ELHomeViewController.m; sourceTree = "<group>"; };
		459A3B09195B60E70050A444 /* ELHomeViewController.xib */ = {isa = PBXFileReference; fileEncoding = 4; lastKnownFileType = file.xib; path = ELHomeViewController.xib; sourceTree = "<group>"; };
		459A3B0C195B6EA20050A444 /* ELHomeListTableViewController.h */ = {isa = PBXFileReference; fileEncoding = 4; lastKnownFileType = sourcecode.c.h; path = ELHomeListTableViewController.h; sourceTree = "<group>"; };
		459A3B0D195B6EA20050A444 /* ELHomeListTableViewController.m */ = {isa = PBXFileReference; fileEncoding = 4; lastKnownFileType = sourcecode.c.objc; path = ELHomeListTableViewController.m; sourceTree = "<group>"; };
		459A3B0E195B6EA20050A444 /* ELHomeListTableViewController.xib */ = {isa = PBXFileReference; fileEncoding = 4; lastKnownFileType = file.xib; path = ELHomeListTableViewController.xib; sourceTree = "<group>"; };
		459A3B11195B72AD0050A444 /* ELHomeListTableViewCell.h */ = {isa = PBXFileReference; fileEncoding = 4; lastKnownFileType = sourcecode.c.h; path = ELHomeListTableViewCell.h; sourceTree = "<group>"; };
		459A3B12195B72AD0050A444 /* ELHomeListTableViewCell.m */ = {isa = PBXFileReference; fileEncoding = 4; lastKnownFileType = sourcecode.c.objc; path = ELHomeListTableViewCell.m; sourceTree = "<group>"; };
		459A3B13195B72AD0050A444 /* ELHomeListTableViewCell.xib */ = {isa = PBXFileReference; fileEncoding = 4; lastKnownFileType = file.xib; path = ELHomeListTableViewCell.xib; sourceTree = "<group>"; };
/* End PBXFileReference section */

/* Begin PBXFrameworksBuildPhase section */
		459A3AD2195B5E3C0050A444 /* Frameworks */ = {
			isa = PBXFrameworksBuildPhase;
			buildActionMask = 2147483647;
			files = (
				459A3ADB195B5E3C0050A444 /* CoreGraphics.framework in Frameworks */,
				459A3ADD195B5E3C0050A444 /* UIKit.framework in Frameworks */,
				459A3AD9195B5E3C0050A444 /* Foundation.framework in Frameworks */,
			);
			runOnlyForDeploymentPostprocessing = 0;
		};
		459A3AED195B5E3C0050A444 /* Frameworks */ = {
			isa = PBXFrameworksBuildPhase;
			buildActionMask = 2147483647;
			files = (
				459A3AF2195B5E3C0050A444 /* XCTest.framework in Frameworks */,
				459A3AF4195B5E3C0050A444 /* UIKit.framework in Frameworks */,
				459A3AF3195B5E3C0050A444 /* Foundation.framework in Frameworks */,
			);
			runOnlyForDeploymentPostprocessing = 0;
		};
/* End PBXFrameworksBuildPhase section */

/* Begin PBXGroup section */
		459A3ACC195B5E3C0050A444 = {
			isa = PBXGroup;
			children = (
				459A3ADE195B5E3C0050A444 /* ELArmory */,
				459A3AF7195B5E3C0050A444 /* ELArmoryTests */,
				459A3AD7195B5E3C0050A444 /* Frameworks */,
				459A3AD6195B5E3C0050A444 /* Products */,
			);
			sourceTree = "<group>";
		};
		459A3AD6195B5E3C0050A444 /* Products */ = {
			isa = PBXGroup;
			children = (
				459A3AD5195B5E3C0050A444 /* ELArmory.app */,
				459A3AF0195B5E3C0050A444 /* ELArmoryTests.xctest */,
			);
			name = Products;
			sourceTree = "<group>";
		};
		459A3AD7195B5E3C0050A444 /* Frameworks */ = {
			isa = PBXGroup;
			children = (
				459A3AD8195B5E3C0050A444 /* Foundation.framework */,
				459A3ADA195B5E3C0050A444 /* CoreGraphics.framework */,
				459A3ADC195B5E3C0050A444 /* UIKit.framework */,
				459A3AF1195B5E3C0050A444 /* XCTest.framework */,
			);
			name = Frameworks;
			sourceTree = "<group>";
		};
		459A3ADE195B5E3C0050A444 /* ELArmory */ = {
			isa = PBXGroup;
			children = (
				459A3AE7195B5E3C0050A444 /* ELAppDelegate.h */,
				459A3AE8195B5E3C0050A444 /* ELAppDelegate.m */,
				459A3B17195B72C00050A444 /* Home View */,
				459A3AEA195B5E3C0050A444 /* Images.xcassets */,
				459A3ADF195B5E3C0050A444 /* Supporting Files */,
			);
			path = ELArmory;
			sourceTree = "<group>";
		};
		459A3ADF195B5E3C0050A444 /* Supporting Files */ = {
			isa = PBXGroup;
			children = (
				459A3AE0195B5E3C0050A444 /* ELArmory-Info.plist */,
				459A3AE1195B5E3C0050A444 /* InfoPlist.strings */,
				459A3AE4195B5E3C0050A444 /* main.m */,
				459A3AE6195B5E3C0050A444 /* ELArmory-Prefix.pch */,
			);
			name = "Supporting Files";
			sourceTree = "<group>";
		};
		459A3AF7195B5E3C0050A444 /* ELArmoryTests */ = {
			isa = PBXGroup;
			children = (
				459A3AFD195B5E3C0050A444 /* ELArmoryTests.m */,
				459A3AF8195B5E3C0050A444 /* Supporting Files */,
			);
			path = ELArmoryTests;
			sourceTree = "<group>";
		};
		459A3AF8195B5E3C0050A444 /* Supporting Files */ = {
			isa = PBXGroup;
			children = (
				459A3AF9195B5E3C0050A444 /* ELArmoryTests-Info.plist */,
				459A3AFA195B5E3C0050A444 /* InfoPlist.strings */,
			);
			name = "Supporting Files";
			sourceTree = "<group>";
		};
		459A3B17195B72C00050A444 /* Home View */ = {
			isa = PBXGroup;
			children = (
				459A3B07195B60E70050A444 /* ELHomeViewController.h */,
				459A3B08195B60E70050A444 /* ELHomeViewController.m */,
				459A3B09195B60E70050A444 /* ELHomeViewController.xib */,
				459A3B0C195B6EA20050A444 /* ELHomeListTableViewController.h */,
				459A3B0D195B6EA20050A444 /* ELHomeListTableViewController.m */,
				459A3B0E195B6EA20050A444 /* ELHomeListTableViewController.xib */,
				459A3B11195B72AD0050A444 /* ELHomeListTableViewCell.h */,
				459A3B12195B72AD0050A444 /* ELHomeListTableViewCell.m */,
				459A3B13195B72AD0050A444 /* ELHomeListTableViewCell.xib */,
			);
			name = "Home View";
			sourceTree = "<group>";
		};
/* End PBXGroup section */

/* Begin PBXNativeTarget section */
		459A3AD4195B5E3C0050A444 /* ELArmory */ = {
			isa = PBXNativeTarget;
			buildConfigurationList = 459A3B01195B5E3C0050A444 /* Build configuration list for PBXNativeTarget "ELArmory" */;
			buildPhases = (
				459A3AD1195B5E3C0050A444 /* Sources */,
				459A3AD2195B5E3C0050A444 /* Frameworks */,
				459A3AD3195B5E3C0050A444 /* Resources */,
			);
			buildRules = (
			);
			dependencies = (
			);
			name = ELArmory;
			productName = ELArmory;
			productReference = 459A3AD5195B5E3C0050A444 /* ELArmory.app */;
			productType = "com.apple.product-type.application";
		};
		459A3AEF195B5E3C0050A444 /* ELArmoryTests */ = {
			isa = PBXNativeTarget;
			buildConfigurationList = 459A3B04195B5E3C0050A444 /* Build configuration list for PBXNativeTarget "ELArmoryTests" */;
			buildPhases = (
				459A3AEC195B5E3C0050A444 /* Sources */,
				459A3AED195B5E3C0050A444 /* Frameworks */,
				459A3AEE195B5E3C0050A444 /* Resources */,
			);
			buildRules = (
			);
			dependencies = (
				459A3AF6195B5E3C0050A444 /* PBXTargetDependency */,
			);
			name = ELArmoryTests;
			productName = ELArmoryTests;
			productReference = 459A3AF0195B5E3C0050A444 /* ELArmoryTests.xctest */;
			productType = "com.apple.product-type.bundle.unit-test";
		};
/* End PBXNativeTarget section */

/* Begin PBXProject section */
		459A3ACD195B5E3C0050A444 /* Project object */ = {
			isa = PBXProject;
			attributes = {
				CLASSPREFIX = EL;
				LastUpgradeCheck = 0510;
				ORGANIZATIONNAME = er.li;
				TargetAttributes = {
					459A3AEF195B5E3C0050A444 = {
						TestTargetID = 459A3AD4195B5E3C0050A444;
					};
				};
			};
			buildConfigurationList = 459A3AD0195B5E3C0050A444 /* Build configuration list for PBXProject "ELArmory" */;
			compatibilityVersion = "Xcode 3.2";
			developmentRegion = English;
			hasScannedForEncodings = 0;
			knownRegions = (
				en,
			);
			mainGroup = 459A3ACC195B5E3C0050A444;
			productRefGroup = 459A3AD6195B5E3C0050A444 /* Products */;
			projectDirPath = "";
			projectRoot = "";
			targets = (
				459A3AD4195B5E3C0050A444 /* ELArmory */,
				459A3AEF195B5E3C0050A444 /* ELArmoryTests */,
			);
		};
/* End PBXProject section */

/* Begin PBXResourcesBuildPhase section */
		459A3AD3195B5E3C0050A444 /* Resources */ = {
			isa = PBXResourcesBuildPhase;
			buildActionMask = 2147483647;
			files = (
				459A3AE3195B5E3C0050A444 /* InfoPlist.strings in Resources */,
				459A3B15195B72AD0050A444 /* ELHomeListTableViewCell.xib in Resources */,
				459A3B10195B6EA20050A444 /* ELHomeListTableViewController.xib in Resources */,
				459A3AEB195B5E3C0050A444 /* Images.xcassets in Resources */,
				459A3B0B195B60E70050A444 /* ELHomeViewController.xib in Resources */,
			);
			runOnlyForDeploymentPostprocessing = 0;
		};
		459A3AEE195B5E3C0050A444 /* Resources */ = {
			isa = PBXResourcesBuildPhase;
			buildActionMask = 2147483647;
			files = (
				459A3AFC195B5E3C0050A444 /* InfoPlist.strings in Resources */,
			);
			runOnlyForDeploymentPostprocessing = 0;
		};
/* End PBXResourcesBuildPhase section */

/* Begin PBXSourcesBuildPhase section */
		459A3AD1195B5E3C0050A444 /* Sources */ = {
			isa = PBXSourcesBuildPhase;
			buildActionMask = 2147483647;
			files = (
				459A3AE5195B5E3C0050A444 /* main.m in Sources */,
				459A3B0A195B60E70050A444 /* ELHomeViewController.m in Sources */,
				459A3AE9195B5E3C0050A444 /* ELAppDelegate.m in Sources */,
				459A3B0F195B6EA20050A444 /* ELHomeListTableViewController.m in Sources */,
				459A3B14195B72AD0050A444 /* ELHomeListTableViewCell.m in Sources */,
			);
			runOnlyForDeploymentPostprocessing = 0;
		};
		459A3AEC195B5E3C0050A444 /* Sources */ = {
			isa = PBXSourcesBuildPhase;
			buildActionMask = 2147483647;
			files = (
				459A3AFE195B5E3C0050A444 /* ELArmoryTests.m in Sources */,
			);
			runOnlyForDeploymentPostprocessing = 0;
		};
/* End PBXSourcesBuildPhase section */

/* Begin PBXTargetDependency section */
		459A3AF6195B5E3C0050A444 /* PBXTargetDependency */ = {
			isa = PBXTargetDependency;
			target = 459A3AD4195B5E3C0050A444 /* ELArmory */;
			targetProxy = 459A3AF5195B5E3C0050A444 /* PBXContainerItemProxy */;
		};
/* End PBXTargetDependency section */

/* Begin PBXVariantGroup section */
		459A3AE1195B5E3C0050A444 /* InfoPlist.strings */ = {
			isa = PBXVariantGroup;
			children = (
				459A3AE2195B5E3C0050A444 /* en */,
			);
			name = InfoPlist.strings;
			sourceTree = "<group>";
		};
		459A3AFA195B5E3C0050A444 /* InfoPlist.strings */ = {
			isa = PBXVariantGroup;
			children = (
				459A3AFB195B5E3C0050A444 /* en */,
			);
			name = InfoPlist.strings;
			sourceTree = "<group>";
		};
/* End PBXVariantGroup section */

/* Begin XCBuildConfiguration section */
		459A3AFF195B5E3C0050A444 /* Debug */ = {
			isa = XCBuildConfiguration;
			buildSettings = {
				ALWAYS_SEARCH_USER_PATHS = NO;
				CLANG_CXX_LANGUAGE_STANDARD = "gnu++0x";
				CLANG_CXX_LIBRARY = "libc++";
				CLANG_ENABLE_MODULES = YES;
				CLANG_ENABLE_OBJC_ARC = YES;
				CLANG_WARN_BOOL_CONVERSION = YES;
				CLANG_WARN_CONSTANT_CONVERSION = YES;
				CLANG_WARN_DIRECT_OBJC_ISA_USAGE = YES_ERROR;
				CLANG_WARN_EMPTY_BODY = YES;
				CLANG_WARN_ENUM_CONVERSION = YES;
				CLANG_WARN_INT_CONVERSION = YES;
				CLANG_WARN_OBJC_ROOT_CLASS = YES_ERROR;
				CLANG_WARN__DUPLICATE_METHOD_MATCH = YES;
				"CODE_SIGN_IDENTITY[sdk=iphoneos*]" = "iPhone Developer";
				COPY_PHASE_STRIP = NO;
				GCC_C_LANGUAGE_STANDARD = gnu99;
				GCC_DYNAMIC_NO_PIC = NO;
				GCC_OPTIMIZATION_LEVEL = 0;
				GCC_PREPROCESSOR_DEFINITIONS = (
					"DEBUG=1",
					"$(inherited)",
				);
				GCC_SYMBOLS_PRIVATE_EXTERN = NO;
				GCC_WARN_64_TO_32_BIT_CONVERSION = YES;
				GCC_WARN_ABOUT_RETURN_TYPE = YES_ERROR;
				GCC_WARN_UNDECLARED_SELECTOR = YES;
				GCC_WARN_UNINITIALIZED_AUTOS = YES_AGGRESSIVE;
				GCC_WARN_UNUSED_FUNCTION = YES;
				GCC_WARN_UNUSED_VARIABLE = YES;
				IPHONEOS_DEPLOYMENT_TARGET = 7.1;
				ONLY_ACTIVE_ARCH = YES;
				SDKROOT = iphoneos;
				TARGETED_DEVICE_FAMILY = "1,2";
			};
			name = Debug;
		};
		459A3B00195B5E3C0050A444 /* Release */ = {
			isa = XCBuildConfiguration;
			buildSettings = {
				ALWAYS_SEARCH_USER_PATHS = NO;
				CLANG_CXX_LANGUAGE_STANDARD = "gnu++0x";
				CLANG_CXX_LIBRARY = "libc++";
				CLANG_ENABLE_MODULES = YES;
				CLANG_ENABLE_OBJC_ARC = YES;
				CLANG_WARN_BOOL_CONVERSION = YES;
				CLANG_WARN_CONSTANT_CONVERSION = YES;
				CLANG_WARN_DIRECT_OBJC_ISA_USAGE = YES_ERROR;
				CLANG_WARN_EMPTY_BODY = YES;
				CLANG_WARN_ENUM_CONVERSION = YES;
				CLANG_WARN_INT_CONVERSION = YES;
				CLANG_WARN_OBJC_ROOT_CLASS = YES_ERROR;
				CLANG_WARN__DUPLICATE_METHOD_MATCH = YES;
				"CODE_SIGN_IDENTITY[sdk=iphoneos*]" = "iPhone Developer";
				COPY_PHASE_STRIP = YES;
				ENABLE_NS_ASSERTIONS = NO;
				GCC_C_LANGUAGE_STANDARD = gnu99;
				GCC_WARN_64_TO_32_BIT_CONVERSION = YES;
				GCC_WARN_ABOUT_RETURN_TYPE = YES_ERROR;
				GCC_WARN_UNDECLARED_SELECTOR = YES;
				GCC_WARN_UNINITIALIZED_AUTOS = YES_AGGRESSIVE;
				GCC_WARN_UNUSED_FUNCTION = YES;
				GCC_WARN_UNUSED_VARIABLE = YES;
				IPHONEOS_DEPLOYMENT_TARGET = 7.1;
				SDKROOT = iphoneos;
				TARGETED_DEVICE_FAMILY = "1,2";
				VALIDATE_PRODUCT = YES;
			};
			name = Release;
		};
		459A3B02195B5E3C0050A444 /* Debug */ = {
			isa = XCBuildConfiguration;
			buildSettings = {
				ASSETCATALOG_COMPILER_APPICON_NAME = AppIcon;
				ASSETCATALOG_COMPILER_LAUNCHIMAGE_NAME = LaunchImage;
				GCC_PRECOMPILE_PREFIX_HEADER = YES;
				GCC_PREFIX_HEADER = "ELArmory/ELArmory-Prefix.pch";
				INFOPLIST_FILE = "ELArmory/ELArmory-Info.plist";
				PRODUCT_NAME = "$(TARGET_NAME)";
				WRAPPER_EXTENSION = app;
			};
			name = Debug;
		};
		459A3B03195B5E3C0050A444 /* Release */ = {
			isa = XCBuildConfiguration;
			buildSettings = {
				ASSETCATALOG_COMPILER_APPICON_NAME = AppIcon;
				ASSETCATALOG_COMPILER_LAUNCHIMAGE_NAME = LaunchImage;
				GCC_PRECOMPILE_PREFIX_HEADER = YES;
				GCC_PREFIX_HEADER = "ELArmory/ELArmory-Prefix.pch";
				INFOPLIST_FILE = "ELArmory/ELArmory-Info.plist";
				PRODUCT_NAME = "$(TARGET_NAME)";
				WRAPPER_EXTENSION = app;
			};
			name = Release;
		};
		459A3B05195B5E3C0050A444 /* Debug */ = {
			isa = XCBuildConfiguration;
			buildSettings = {
				BUNDLE_LOADER = "$(BUILT_PRODUCTS_DIR)/ELArmory.app/ELArmory";
				FRAMEWORK_SEARCH_PATHS = (
					"$(SDKROOT)/Developer/Library/Frameworks",
					"$(inherited)",
					"$(DEVELOPER_FRAMEWORKS_DIR)",
				);
				GCC_PRECOMPILE_PREFIX_HEADER = YES;
				GCC_PREFIX_HEADER = "ELArmory/ELArmory-Prefix.pch";
				GCC_PREPROCESSOR_DEFINITIONS = (
					"DEBUG=1",
					"$(inherited)",
				);
				INFOPLIST_FILE = "ELArmoryTests/ELArmoryTests-Info.plist";
				PRODUCT_NAME = "$(TARGET_NAME)";
				TEST_HOST = "$(BUNDLE_LOADER)";
				WRAPPER_EXTENSION = xctest;
			};
			name = Debug;
		};
		459A3B06195B5E3C0050A444 /* Release */ = {
			isa = XCBuildConfiguration;
			buildSettings = {
				BUNDLE_LOADER = "$(BUILT_PRODUCTS_DIR)/ELArmory.app/ELArmory";
				FRAMEWORK_SEARCH_PATHS = (
					"$(SDKROOT)/Developer/Library/Frameworks",
					"$(inherited)",
					"$(DEVELOPER_FRAMEWORKS_DIR)",
				);
				GCC_PRECOMPILE_PREFIX_HEADER = YES;
				GCC_PREFIX_HEADER = "ELArmory/ELArmory-Prefix.pch";
				INFOPLIST_FILE = "ELArmoryTests/ELArmoryTests-Info.plist";
				PRODUCT_NAME = "$(TARGET_NAME)";
				TEST_HOST = "$(BUNDLE_LOADER)";
				WRAPPER_EXTENSION = xctest;
			};
			name = Release;
		};
/* End XCBuildConfiguration section */

/* Begin XCConfigurationList section */
		459A3AD0195B5E3C0050A444 /* Build configuration list for PBXProject "ELArmory" */ = {
			isa = XCConfigurationList;
			buildConfigurations = (
				459A3AFF195B5E3C0050A444 /* Debug */,
				459A3B00195B5E3C0050A444 /* Release */,
			);
			defaultConfigurationIsVisible = 0;
			defaultConfigurationName = Release;
		};
		459A3B01195B5E3C0050A444 /* Build configuration list for PBXNativeTarget "ELArmory" */ = {
			isa = XCConfigurationList;
			buildConfigurations = (
				459A3B02195B5E3C0050A444 /* Debug */,
				459A3B03195B5E3C0050A444 /* Release */,
			);
			defaultConfigurationIsVisible = 0;
		};
		459A3B04195B5E3C0050A444 /* Build configuration list for PBXNativeTarget "ELArmoryTests" */ = {
			isa = XCConfigurationList;
			buildConfigurations = (
				459A3B05195B5E3C0050A444 /* Debug */,
				459A3B06195B5E3C0050A444 /* Release */,
			);
			defaultConfigurationIsVisible = 0;
		};
/* End XCConfigurationList section */
	};
	rootObject = 459A3ACD195B5E3C0050A444 /* Project object */;
}
